
Microsoft Visual Studio Solution File, Format Version 12.00
# Visual Studio Version 17
VisualStudioVersion = 17.1.32421.90
MinimumVisualStudioVersion = 10.0.40219.1
Project("{FAE04EC0-301F-11D3-BF4B-00C04F79EFBC}") = "4204 ATM Console APP", "4204 ATM Console APP.csproj", "{A550F7C3-84F1-402B-B186-D4BA2A5E275D}"
EndProject
Global
	GlobalSection(SolutionConfigurationPlatforms) = preSolution
		Debug|Any CPU = Debug|Any CPU
		Release|Any CPU = Release|Any CPU
	EndGlobalSection
	GlobalSection(ProjectConfigurationPlatforms) = postSolution
		{A550F7C3-84F1-402B-B186-D4BA2A5E275D}.Debug|Any CPU.ActiveCfg = Debug|Any CPU
		{A550F7C3-84F1-402B-B186-D4BA2A5E275D}.Debug|Any CPU.Build.0 = Debug|Any CPU
		{A550F7C3-84F1-402B-B186-D4BA2A5E275D}.Release|Any CPU.ActiveCfg = Release|Any CPU
		{A550F7C3-84F1-402B-B186-D4BA2A5E275D}.Release|Any CPU.Build.0 = Release|Any CPU
	EndGlobalSection
	GlobalSection(SolutionProperties) = preSolution
		HideSolutionNode = FALSE
	EndGlobalSection
	GlobalSection(ExtensibilityGlobals) = postSolution
		SolutionGuid = {E52C2199-3E27-431D-BFA0-56C7D0B7BC09}
	EndGlobalSection
EndGlobal
